
Microsoft Visual Studio Solution File, Format Version 12.00
# Visual Studio Version 17
VisualStudioVersion = 17.0.31903.59
MinimumVisualStudioVersion = 10.0.40219.1
Project("{FAE04EC0-301F-11D3-BF4B-00C04F79EFBC}") = "Acheron.Core", "Acheron.Core\Acheron.Core.csproj", "{3100DAEE-AFC3-4A29-82D3-A7D1514C580D}"
EndProject
Project("{FAE04EC0-301F-11D3-BF4B-00C04F79EFBC}") = "Acheron.Engine", "Acheron.Engine\Acheron.Engine.csproj", "{5F0DA94E-CBDD-49D1-A439-42166326202E}"
EndProject
Project("{2150E333-8FDC-42A3-9474-1A3956D46DE8}") = "Acheron.Examples", "Acheron.Examples", "{09AAE07D-3F0C-46B9-A21C-34C4A065F9AD}"
EndProject
Project("{2150E333-8FDC-42A3-9474-1A3956D46DE8}") = "ECS", "ECS", "{FE9464AE-2D7E-48DE-868E-7B171890767E}"
EndProject
Project("{FAE04EC0-301F-11D3-BF4B-00C04F79EFBC}") = "Basic", "Acheron.Examples\ECS\Basic\Basic.csproj", "{6C6733AF-25EE-40AC-941C-36C30727415A}"
EndProject
Project("{2150E333-8FDC-42A3-9474-1A3956D46DE8}") = "Window", "Window", "{36B0F45C-ED2F-4B00-9FD9-4E2637A2D839}"
EndProject
Project("{FAE04EC0-301F-11D3-BF4B-00C04F79EFBC}") = "Basic", "Acheron.Examples\Window\Basic\Basic.csproj", "{632C139B-8E69-49A8-81C2-8CFC3DEF85C4}"
EndProject
Project("{2150E333-8FDC-42A3-9474-1A3956D46DE8}") = "Renderer", "Renderer", "{C09547E7-B506-4344-AE9B-D1C35A336126}"
EndProject
Project("{FAE04EC0-301F-11D3-BF4B-00C04F79EFBC}") = "Rainbow", "Acheron.Examples\Renderer\Rainbow\Rainbow.csproj", "{2406681B-2E44-418A-86FD-B051D5B7BA57}"
EndProject
Project("{FAE04EC0-301F-11D3-BF4B-00C04F79EFBC}") = "Benchmark", "Acheron.Examples\Renderer\Benchmark\Benchmark.csproj", "{52C0D8BF-4221-4103-BCE8-2D956C8E6736}"
EndProject
Project("{FAE04EC0-301F-11D3-BF4B-00C04F79EFBC}") = "WindowConfig", "Acheron.Examples\Window\WindowConfig\WindowConfig.csproj", "{30A2D4B1-13A0-4681-B607-DB59A4D599EF}"
EndProject
Project("{FAE04EC0-301F-11D3-BF4B-00C04F79EFBC}") = "Texture", "Acheron.Examples\Renderer\Texture\Texture.csproj", "{7F121731-EC17-4BC2-A610-7DC14DF25087}"
EndProject
Project("{FAE04EC0-301F-11D3-BF4B-00C04F79EFBC}") = "Benchmark", "Acheron.Examples\ECS\Benchmark\Benchmark.csproj", "{D2466DA1-98D4-4BA3-8D88-7264C6EBF63A}"
EndProject
Project("{2150E333-8FDC-42A3-9474-1A3956D46DE8}") = "Input", "Input", "{EA1D46B0-1AF1-4E70-91AA-E3F668D055DA}"
EndProject
Project("{FAE04EC0-301F-11D3-BF4B-00C04F79EFBC}") = "Mouse", "Acheron.Examples\Input\Mouse\Mouse.csproj", "{629FC558-64B6-428B-BD9A-954A9B7E8D49}"
EndProject
Project("{FAE04EC0-301F-11D3-BF4B-00C04F79EFBC}") = "Testing", "Acheron.Examples\ECS\Testing\Testing.csproj", "{DF1DE157-35FF-4715-A716-2284376F0005}"
EndProject
Global
	GlobalSection(SolutionConfigurationPlatforms) = preSolution
		Debug|Any CPU = Debug|Any CPU
		Release|Any CPU = Release|Any CPU
	EndGlobalSection
	GlobalSection(SolutionProperties) = preSolution
		HideSolutionNode = FALSE
	EndGlobalSection
	GlobalSection(ProjectConfigurationPlatforms) = postSolution
		{3100DAEE-AFC3-4A29-82D3-A7D1514C580D}.Debug|Any CPU.ActiveCfg = Debug|Any CPU
		{3100DAEE-AFC3-4A29-82D3-A7D1514C580D}.Debug|Any CPU.Build.0 = Debug|Any CPU
		{3100DAEE-AFC3-4A29-82D3-A7D1514C580D}.Release|Any CPU.ActiveCfg = Release|Any CPU
		{3100DAEE-AFC3-4A29-82D3-A7D1514C580D}.Release|Any CPU.Build.0 = Release|Any CPU
		{5F0DA94E-CBDD-49D1-A439-42166326202E}.Debug|Any CPU.ActiveCfg = Debug|Any CPU
		{5F0DA94E-CBDD-49D1-A439-42166326202E}.Debug|Any CPU.Build.0 = Debug|Any CPU
		{5F0DA94E-CBDD-49D1-A439-42166326202E}.Release|Any CPU.ActiveCfg = Release|Any CPU
		{5F0DA94E-CBDD-49D1-A439-42166326202E}.Release|Any CPU.Build.0 = Release|Any CPU
		{6C6733AF-25EE-40AC-941C-36C30727415A}.Debug|Any CPU.ActiveCfg = Debug|Any CPU
		{6C6733AF-25EE-40AC-941C-36C30727415A}.Debug|Any CPU.Build.0 = Debug|Any CPU
		{6C6733AF-25EE-40AC-941C-36C30727415A}.Release|Any CPU.ActiveCfg = Release|Any CPU
		{6C6733AF-25EE-40AC-941C-36C30727415A}.Release|Any CPU.Build.0 = Release|Any CPU
		{632C139B-8E69-49A8-81C2-8CFC3DEF85C4}.Debug|Any CPU.ActiveCfg = Debug|Any CPU
		{632C139B-8E69-49A8-81C2-8CFC3DEF85C4}.Debug|Any CPU.Build.0 = Debug|Any CPU
		{632C139B-8E69-49A8-81C2-8CFC3DEF85C4}.Release|Any CPU.ActiveCfg = Release|Any CPU
		{632C139B-8E69-49A8-81C2-8CFC3DEF85C4}.Release|Any CPU.Build.0 = Release|Any CPU
		{2406681B-2E44-418A-86FD-B051D5B7BA57}.Debug|Any CPU.ActiveCfg = Debug|Any CPU
		{2406681B-2E44-418A-86FD-B051D5B7BA57}.Debug|Any CPU.Build.0 = Debug|Any CPU
		{2406681B-2E44-418A-86FD-B051D5B7BA57}.Release|Any CPU.ActiveCfg = Release|Any CPU
		{2406681B-2E44-418A-86FD-B051D5B7BA57}.Release|Any CPU.Build.0 = Release|Any CPU
		{52C0D8BF-4221-4103-BCE8-2D956C8E6736}.Debug|Any CPU.ActiveCfg = Debug|Any CPU
		{52C0D8BF-4221-4103-BCE8-2D956C8E6736}.Debug|Any CPU.Build.0 = Debug|Any CPU
		{52C0D8BF-4221-4103-BCE8-2D956C8E6736}.Release|Any CPU.ActiveCfg = Release|Any CPU
		{52C0D8BF-4221-4103-BCE8-2D956C8E6736}.Release|Any CPU.Build.0 = Release|Any CPU
		{30A2D4B1-13A0-4681-B607-DB59A4D599EF}.Debug|Any CPU.ActiveCfg = Debug|Any CPU
		{30A2D4B1-13A0-4681-B607-DB59A4D599EF}.Debug|Any CPU.Build.0 = Debug|Any CPU
		{30A2D4B1-13A0-4681-B607-DB59A4D599EF}.Release|Any CPU.ActiveCfg = Release|Any CPU
		{30A2D4B1-13A0-4681-B607-DB59A4D599EF}.Release|Any CPU.Build.0 = Release|Any CPU
		{7F121731-EC17-4BC2-A610-7DC14DF25087}.Debug|Any CPU.ActiveCfg = Debug|Any CPU
		{7F121731-EC17-4BC2-A610-7DC14DF25087}.Debug|Any CPU.Build.0 = Debug|Any CPU
		{7F121731-EC17-4BC2-A610-7DC14DF25087}.Release|Any CPU.ActiveCfg = Release|Any CPU
		{7F121731-EC17-4BC2-A610-7DC14DF25087}.Release|Any CPU.Build.0 = Release|Any CPU
		{D2466DA1-98D4-4BA3-8D88-7264C6EBF63A}.Debug|Any CPU.ActiveCfg = Debug|Any CPU
		{D2466DA1-98D4-4BA3-8D88-7264C6EBF63A}.Debug|Any CPU.Build.0 = Debug|Any CPU
		{D2466DA1-98D4-4BA3-8D88-7264C6EBF63A}.Release|Any CPU.ActiveCfg = Release|Any CPU
		{D2466DA1-98D4-4BA3-8D88-7264C6EBF63A}.Release|Any CPU.Build.0 = Release|Any CPU
		{629FC558-64B6-428B-BD9A-954A9B7E8D49}.Debug|Any CPU.ActiveCfg = Debug|Any CPU
		{629FC558-64B6-428B-BD9A-954A9B7E8D49}.Debug|Any CPU.Build.0 = Debug|Any CPU
		{629FC558-64B6-428B-BD9A-954A9B7E8D49}.Release|Any CPU.ActiveCfg = Release|Any CPU
		{629FC558-64B6-428B-BD9A-954A9B7E8D49}.Release|Any CPU.Build.0 = Release|Any CPU
		{DF1DE157-35FF-4715-A716-2284376F0005}.Debug|Any CPU.ActiveCfg = Debug|Any CPU
		{DF1DE157-35FF-4715-A716-2284376F0005}.Debug|Any CPU.Build.0 = Debug|Any CPU
		{DF1DE157-35FF-4715-A716-2284376F0005}.Release|Any CPU.ActiveCfg = Release|Any CPU
		{DF1DE157-35FF-4715-A716-2284376F0005}.Release|Any CPU.Build.0 = Release|Any CPU
	EndGlobalSection
	GlobalSection(NestedProjects) = preSolution
		{FE9464AE-2D7E-48DE-868E-7B171890767E} = {09AAE07D-3F0C-46B9-A21C-34C4A065F9AD}
		{6C6733AF-25EE-40AC-941C-36C30727415A} = {FE9464AE-2D7E-48DE-868E-7B171890767E}
		{36B0F45C-ED2F-4B00-9FD9-4E2637A2D839} = {09AAE07D-3F0C-46B9-A21C-34C4A065F9AD}
		{632C139B-8E69-49A8-81C2-8CFC3DEF85C4} = {36B0F45C-ED2F-4B00-9FD9-4E2637A2D839}
		{C09547E7-B506-4344-AE9B-D1C35A336126} = {09AAE07D-3F0C-46B9-A21C-34C4A065F9AD}
		{2406681B-2E44-418A-86FD-B051D5B7BA57} = {C09547E7-B506-4344-AE9B-D1C35A336126}
		{52C0D8BF-4221-4103-BCE8-2D956C8E6736} = {C09547E7-B506-4344-AE9B-D1C35A336126}
		{30A2D4B1-13A0-4681-B607-DB59A4D599EF} = {36B0F45C-ED2F-4B00-9FD9-4E2637A2D839}
		{7F121731-EC17-4BC2-A610-7DC14DF25087} = {C09547E7-B506-4344-AE9B-D1C35A336126}
		{D2466DA1-98D4-4BA3-8D88-7264C6EBF63A} = {FE9464AE-2D7E-48DE-868E-7B171890767E}
		{EA1D46B0-1AF1-4E70-91AA-E3F668D055DA} = {09AAE07D-3F0C-46B9-A21C-34C4A065F9AD}
		{629FC558-64B6-428B-BD9A-954A9B7E8D49} = {EA1D46B0-1AF1-4E70-91AA-E3F668D055DA}
		{DF1DE157-35FF-4715-A716-2284376F0005} = {FE9464AE-2D7E-48DE-868E-7B171890767E}
	EndGlobalSection
EndGlobal
