
Microsoft Visual Studio Solution File, Format Version 12.00
# Visual Studio Version 17
VisualStudioVersion = 17.0.31903.59
MinimumVisualStudioVersion = 10.0.40219.1
Project("{2150E333-8FDC-42A3-9474-1A3956D46DE8}") = "ECS", "ECS", "{2406D867-4107-43B2-B7FC-C843E3A14E0D}"
EndProject
Project("{FAE04EC0-301F-11D3-BF4B-00C04F79EFBC}") = "Basic", "ECS\Basic\Basic.csproj", "{1780A92D-9A61-42C0-888F-28F9CA93F737}"
EndProject
Global
	GlobalSection(SolutionConfigurationPlatforms) = preSolution
		Debug|Any CPU = Debug|Any CPU
		Release|Any CPU = Release|Any CPU
	EndGlobalSection
	GlobalSection(SolutionProperties) = preSolution
		HideSolutionNode = FALSE
	EndGlobalSection
	GlobalSection(ProjectConfigurationPlatforms) = postSolution
		{1780A92D-9A61-42C0-888F-28F9CA93F737}.Debug|Any CPU.ActiveCfg = Debug|Any CPU
		{1780A92D-9A61-42C0-888F-28F9CA93F737}.Debug|Any CPU.Build.0 = Debug|Any CPU
		{1780A92D-9A61-42C0-888F-28F9CA93F737}.Release|Any CPU.ActiveCfg = Release|Any CPU
		{1780A92D-9A61-42C0-888F-28F9CA93F737}.Release|Any CPU.Build.0 = Release|Any CPU
	EndGlobalSection
	GlobalSection(NestedProjects) = preSolution
		{1780A92D-9A61-42C0-888F-28F9CA93F737} = {2406D867-4107-43B2-B7FC-C843E3A14E0D}
	EndGlobalSection
EndGlobal
